// !$*UTF8*$!
{
	archiveVersion = 1;
	classes = {
	};
	objectVersion = 55;
	objects = {

/* Begin PBXBuildFile section */
		9572F59327FE991200239F9F /* EssentialAppUIAcceptanceTests.swift in Sources */ = {isa = PBXBuildFile; fileRef = 9572F59227FE991200239F9F /* EssentialAppUIAcceptanceTests.swift */; };
		9572F59C27FEAC0C00239F9F /* DebuggingSceneDelegate.swift in Sources */ = {isa = PBXBuildFile; fileRef = 9572F59B27FEAC0C00239F9F /* DebuggingSceneDelegate.swift */; };
		9572F59E27FEB75100239F9F /* SceneDelegateTests.swift in Sources */ = {isa = PBXBuildFile; fileRef = 9572F59D27FEB75100239F9F /* SceneDelegateTests.swift */; };
		958068D027F81FAF00DCA92A /* AppDelegate.swift in Sources */ = {isa = PBXBuildFile; fileRef = 958068CF27F81FAF00DCA92A /* AppDelegate.swift */; };
		958068D227F81FAF00DCA92A /* SceneDelegate.swift in Sources */ = {isa = PBXBuildFile; fileRef = 958068D127F81FAF00DCA92A /* SceneDelegate.swift */; };
		958068D727F81FAF00DCA92A /* Main.storyboard in Resources */ = {isa = PBXBuildFile; fileRef = 958068D527F81FAF00DCA92A /* Main.storyboard */; };
		958068D927F81FB000DCA92A /* Assets.xcassets in Resources */ = {isa = PBXBuildFile; fileRef = 958068D827F81FB000DCA92A /* Assets.xcassets */; };
		958068DC27F81FB000DCA92A /* LaunchScreen.storyboard in Resources */ = {isa = PBXBuildFile; fileRef = 958068DA27F81FB000DCA92A /* LaunchScreen.storyboard */; };
		9593F8FE27FC0A9700549054 /* FeedLoaderCacheDecoratorTests.swift in Sources */ = {isa = PBXBuildFile; fileRef = 9593F8FD27FC0A9700549054 /* FeedLoaderCacheDecoratorTests.swift */; };
		9593F90027FC0D4100549054 /* FeedLoaderStub.swift in Sources */ = {isa = PBXBuildFile; fileRef = 9593F8FF27FC0D4100549054 /* FeedLoaderStub.swift */; };
		9593F90427FC0E0200549054 /* XCTestCase+FeedLoader.swift in Sources */ = {isa = PBXBuildFile; fileRef = 9593F90327FC0E0200549054 /* XCTestCase+FeedLoader.swift */; };
		9593F90827FC161500549054 /* FeedLoaderCacheDecorator.swift in Sources */ = {isa = PBXBuildFile; fileRef = 9593F90727FC161500549054 /* FeedLoaderCacheDecorator.swift */; };
		9593F90A27FC173A00549054 /* FeedImageDataLoaderCacheDecoratorTests.swift in Sources */ = {isa = PBXBuildFile; fileRef = 9593F90927FC173A00549054 /* FeedImageDataLoaderCacheDecoratorTests.swift */; };
		9593F90C27FC208800549054 /* FeedImageDataLoaderSpy.swift in Sources */ = {isa = PBXBuildFile; fileRef = 9593F90B27FC208800549054 /* FeedImageDataLoaderSpy.swift */; };
		9593F90E27FC21F700549054 /* XCTestCase+FeedImageDataLoader.swift in Sources */ = {isa = PBXBuildFile; fileRef = 9593F90D27FC21F700549054 /* XCTestCase+FeedImageDataLoader.swift */; };
		9593F91227FC2D9800549054 /* FeedImageDataLoaderCacheDecorator.swift in Sources */ = {isa = PBXBuildFile; fileRef = 9593F91127FC2D9800549054 /* FeedImageDataLoaderCacheDecorator.swift */; };
		95DB655B27F96E4E0048EF30 /* EssentialFeed.framework in Frameworks */ = {isa = PBXBuildFile; fileRef = 95DB655927F96E4E0048EF30 /* EssentialFeed.framework */; };
		95DB655C27F96E4E0048EF30 /* EssentialFeed.framework in Embed Frameworks */ = {isa = PBXBuildFile; fileRef = 95DB655927F96E4E0048EF30 /* EssentialFeed.framework */; settings = {ATTRIBUTES = (CodeSignOnCopy, RemoveHeadersOnCopy, ); }; };
		95DB655D27F96E4E0048EF30 /* EssentialFeediOS.framework in Frameworks */ = {isa = PBXBuildFile; fileRef = 95DB655A27F96E4E0048EF30 /* EssentialFeediOS.framework */; };
		95DB655E27F96E4E0048EF30 /* EssentialFeediOS.framework in Embed Frameworks */ = {isa = PBXBuildFile; fileRef = 95DB655A27F96E4E0048EF30 /* EssentialFeediOS.framework */; settings = {ATTRIBUTES = (CodeSignOnCopy, RemoveHeadersOnCopy, ); }; };
		95DB656327F974DC0048EF30 /* FeedLoaderWithFallbackCompositeTests.swift in Sources */ = {isa = PBXBuildFile; fileRef = 95DB656227F974DC0048EF30 /* FeedLoaderWithFallbackCompositeTests.swift */; };
		95DB656527F9F3790048EF30 /* FeedLoaderWithFallbackComposite.swift in Sources */ = {isa = PBXBuildFile; fileRef = 95DB656427F9F3790048EF30 /* FeedLoaderWithFallbackComposite.swift */; };
		95DB656727F9F51F0048EF30 /* FeedImageDataLoaderWithFallbackCompositeTests.swift in Sources */ = {isa = PBXBuildFile; fileRef = 95DB656627F9F51F0048EF30 /* FeedImageDataLoaderWithFallbackCompositeTests.swift */; };
		95DB656927FA0C2F0048EF30 /* FeedImageDataLoaderWithFallbackComposite.swift in Sources */ = {isa = PBXBuildFile; fileRef = 95DB656827FA0C2F0048EF30 /* FeedImageDataLoaderWithFallbackComposite.swift */; };
		95DB656C27FA0CC10048EF30 /* XCTestCase+MemoryLeakTracking.swift in Sources */ = {isa = PBXBuildFile; fileRef = 95DB656B27FA0CC10048EF30 /* XCTestCase+MemoryLeakTracking.swift */; };
		95DB656E27FA0D4E0048EF30 /* SharedTestHelpers.swift in Sources */ = {isa = PBXBuildFile; fileRef = 95DB656D27FA0D4E0048EF30 /* SharedTestHelpers.swift */; };
/* End PBXBuildFile section */

/* Begin PBXContainerItemProxy section */
		9572F59627FE991200239F9F /* PBXContainerItemProxy */ = {
			isa = PBXContainerItemProxy;
			containerPortal = 958068C427F81FAF00DCA92A /* Project object */;
			proxyType = 1;
			remoteGlobalIDString = 958068CB27F81FAF00DCA92A;
			remoteInfo = EssentialApp;
		};
		958068E327F81FB000DCA92A /* PBXContainerItemProxy */ = {
			isa = PBXContainerItemProxy;
			containerPortal = 958068C427F81FAF00DCA92A /* Project object */;
			proxyType = 1;
			remoteGlobalIDString = 958068CB27F81FAF00DCA92A;
			remoteInfo = EssentialApp;
		};
/* End PBXContainerItemProxy section */

/* Begin PBXCopyFilesBuildPhase section */
		95DB655F27F96E4E0048EF30 /* Embed Frameworks */ = {
			isa = PBXCopyFilesBuildPhase;
			buildActionMask = 2147483647;
			dstPath = "";
			dstSubfolderSpec = 10;
			files = (
				95DB655C27F96E4E0048EF30 /* EssentialFeed.framework in Embed Frameworks */,
				95DB655E27F96E4E0048EF30 /* EssentialFeediOS.framework in Embed Frameworks */,
			);
			name = "Embed Frameworks";
			runOnlyForDeploymentPostprocessing = 0;
		};
/* End PBXCopyFilesBuildPhase section */

/* Begin PBXFileReference section */
		9572F59027FE991200239F9F /* EssentialAppUIAcceptanceTests.xctest */ = {isa = PBXFileReference; explicitFileType = wrapper.cfbundle; includeInIndex = 0; path = EssentialAppUIAcceptanceTests.xctest; sourceTree = BUILT_PRODUCTS_DIR; };
		9572F59227FE991200239F9F /* EssentialAppUIAcceptanceTests.swift */ = {isa = PBXFileReference; lastKnownFileType = sourcecode.swift; path = EssentialAppUIAcceptanceTests.swift; sourceTree = "<group>"; };
		9572F59B27FEAC0C00239F9F /* DebuggingSceneDelegate.swift */ = {isa = PBXFileReference; lastKnownFileType = sourcecode.swift; path = DebuggingSceneDelegate.swift; sourceTree = "<group>"; };
		9572F59D27FEB75100239F9F /* SceneDelegateTests.swift */ = {isa = PBXFileReference; lastKnownFileType = sourcecode.swift; path = SceneDelegateTests.swift; sourceTree = "<group>"; };
		958068CC27F81FAF00DCA92A /* EssentialApp.app */ = {isa = PBXFileReference; explicitFileType = wrapper.application; includeInIndex = 0; path = EssentialApp.app; sourceTree = BUILT_PRODUCTS_DIR; };
		958068CF27F81FAF00DCA92A /* AppDelegate.swift */ = {isa = PBXFileReference; lastKnownFileType = sourcecode.swift; path = AppDelegate.swift; sourceTree = "<group>"; };
		958068D127F81FAF00DCA92A /* SceneDelegate.swift */ = {isa = PBXFileReference; lastKnownFileType = sourcecode.swift; path = SceneDelegate.swift; sourceTree = "<group>"; };
		958068D627F81FAF00DCA92A /* Base */ = {isa = PBXFileReference; lastKnownFileType = file.storyboard; name = Base; path = Base.lproj/Main.storyboard; sourceTree = "<group>"; };
		958068D827F81FB000DCA92A /* Assets.xcassets */ = {isa = PBXFileReference; lastKnownFileType = folder.assetcatalog; path = Assets.xcassets; sourceTree = "<group>"; };
		958068DB27F81FB000DCA92A /* Base */ = {isa = PBXFileReference; lastKnownFileType = file.storyboard; name = Base; path = Base.lproj/LaunchScreen.storyboard; sourceTree = "<group>"; };
		958068DD27F81FB000DCA92A /* Info.plist */ = {isa = PBXFileReference; lastKnownFileType = text.plist.xml; path = Info.plist; sourceTree = "<group>"; };
		958068E227F81FB000DCA92A /* EssentialAppTests.xctest */ = {isa = PBXFileReference; explicitFileType = wrapper.cfbundle; includeInIndex = 0; path = EssentialAppTests.xctest; sourceTree = BUILT_PRODUCTS_DIR; };
		9593F8FD27FC0A9700549054 /* FeedLoaderCacheDecoratorTests.swift */ = {isa = PBXFileReference; lastKnownFileType = sourcecode.swift; path = FeedLoaderCacheDecoratorTests.swift; sourceTree = "<group>"; };
		9593F8FF27FC0D4100549054 /* FeedLoaderStub.swift */ = {isa = PBXFileReference; lastKnownFileType = sourcecode.swift; path = FeedLoaderStub.swift; sourceTree = "<group>"; };
		9593F90327FC0E0200549054 /* XCTestCase+FeedLoader.swift */ = {isa = PBXFileReference; lastKnownFileType = sourcecode.swift; path = "XCTestCase+FeedLoader.swift"; sourceTree = "<group>"; };
		9593F90727FC161500549054 /* FeedLoaderCacheDecorator.swift */ = {isa = PBXFileReference; lastKnownFileType = sourcecode.swift; path = FeedLoaderCacheDecorator.swift; sourceTree = "<group>"; };
		9593F90927FC173A00549054 /* FeedImageDataLoaderCacheDecoratorTests.swift */ = {isa = PBXFileReference; lastKnownFileType = sourcecode.swift; path = FeedImageDataLoaderCacheDecoratorTests.swift; sourceTree = "<group>"; };
		9593F90B27FC208800549054 /* FeedImageDataLoaderSpy.swift */ = {isa = PBXFileReference; lastKnownFileType = sourcecode.swift; path = FeedImageDataLoaderSpy.swift; sourceTree = "<group>"; };
		9593F90D27FC21F700549054 /* XCTestCase+FeedImageDataLoader.swift */ = {isa = PBXFileReference; lastKnownFileType = sourcecode.swift; path = "XCTestCase+FeedImageDataLoader.swift"; sourceTree = "<group>"; };
		9593F91127FC2D9800549054 /* FeedImageDataLoaderCacheDecorator.swift */ = {isa = PBXFileReference; lastKnownFileType = sourcecode.swift; path = FeedImageDataLoaderCacheDecorator.swift; sourceTree = "<group>"; };
		95DB655927F96E4E0048EF30 /* EssentialFeed.framework */ = {isa = PBXFileReference; explicitFileType = wrapper.framework; path = EssentialFeed.framework; sourceTree = BUILT_PRODUCTS_DIR; };
		95DB655A27F96E4E0048EF30 /* EssentialFeediOS.framework */ = {isa = PBXFileReference; explicitFileType = wrapper.framework; path = EssentialFeediOS.framework; sourceTree = BUILT_PRODUCTS_DIR; };
		95DB656227F974DC0048EF30 /* FeedLoaderWithFallbackCompositeTests.swift */ = {isa = PBXFileReference; lastKnownFileType = sourcecode.swift; path = FeedLoaderWithFallbackCompositeTests.swift; sourceTree = "<group>"; };
		95DB656427F9F3790048EF30 /* FeedLoaderWithFallbackComposite.swift */ = {isa = PBXFileReference; lastKnownFileType = sourcecode.swift; path = FeedLoaderWithFallbackComposite.swift; sourceTree = "<group>"; };
		95DB656627F9F51F0048EF30 /* FeedImageDataLoaderWithFallbackCompositeTests.swift */ = {isa = PBXFileReference; lastKnownFileType = sourcecode.swift; path = FeedImageDataLoaderWithFallbackCompositeTests.swift; sourceTree = "<group>"; };
		95DB656827FA0C2F0048EF30 /* FeedImageDataLoaderWithFallbackComposite.swift */ = {isa = PBXFileReference; lastKnownFileType = sourcecode.swift; path = FeedImageDataLoaderWithFallbackComposite.swift; sourceTree = "<group>"; };
		95DB656B27FA0CC10048EF30 /* XCTestCase+MemoryLeakTracking.swift */ = {isa = PBXFileReference; lastKnownFileType = sourcecode.swift; path = "XCTestCase+MemoryLeakTracking.swift"; sourceTree = "<group>"; };
		95DB656D27FA0D4E0048EF30 /* SharedTestHelpers.swift */ = {isa = PBXFileReference; lastKnownFileType = sourcecode.swift; path = SharedTestHelpers.swift; sourceTree = "<group>"; };
/* End PBXFileReference section */

/* Begin PBXFrameworksBuildPhase section */
		9572F58D27FE991200239F9F /* Frameworks */ = {
			isa = PBXFrameworksBuildPhase;
			buildActionMask = 2147483647;
			files = (
			);
			runOnlyForDeploymentPostprocessing = 0;
		};
		958068C927F81FAF00DCA92A /* Frameworks */ = {
			isa = PBXFrameworksBuildPhase;
			buildActionMask = 2147483647;
			files = (
				95DB655B27F96E4E0048EF30 /* EssentialFeed.framework in Frameworks */,
				95DB655D27F96E4E0048EF30 /* EssentialFeediOS.framework in Frameworks */,
			);
			runOnlyForDeploymentPostprocessing = 0;
		};
		958068DF27F81FB000DCA92A /* Frameworks */ = {
			isa = PBXFrameworksBuildPhase;
			buildActionMask = 2147483647;
			files = (
			);
			runOnlyForDeploymentPostprocessing = 0;
		};
/* End PBXFrameworksBuildPhase section */

/* Begin PBXGroup section */
		9572F59127FE991200239F9F /* EssentialAppUIAcceptanceTests */ = {
			isa = PBXGroup;
			children = (
				9572F59227FE991200239F9F /* EssentialAppUIAcceptanceTests.swift */,
			);
			path = EssentialAppUIAcceptanceTests;
			sourceTree = "<group>";
		};
		958068C327F81FAF00DCA92A = {
			isa = PBXGroup;
			children = (
				958068CE27F81FAF00DCA92A /* EssentialApp */,
				958068E527F81FB000DCA92A /* EssentialAppTests */,
				9572F59127FE991200239F9F /* EssentialAppUIAcceptanceTests */,
				958068CD27F81FAF00DCA92A /* Products */,
				95DB655827F96E4E0048EF30 /* Frameworks */,
			);
			sourceTree = "<group>";
		};
		958068CD27F81FAF00DCA92A /* Products */ = {
			isa = PBXGroup;
			children = (
				958068CC27F81FAF00DCA92A /* EssentialApp.app */,
				958068E227F81FB000DCA92A /* EssentialAppTests.xctest */,
				9572F59027FE991200239F9F /* EssentialAppUIAcceptanceTests.xctest */,
			);
			name = Products;
			sourceTree = "<group>";
		};
		958068CE27F81FAF00DCA92A /* EssentialApp */ = {
			isa = PBXGroup;
			children = (
				958068CF27F81FAF00DCA92A /* AppDelegate.swift */,
				958068D127F81FAF00DCA92A /* SceneDelegate.swift */,
				958068D527F81FAF00DCA92A /* Main.storyboard */,
				958068D827F81FB000DCA92A /* Assets.xcassets */,
				958068DA27F81FB000DCA92A /* LaunchScreen.storyboard */,
				958068DD27F81FB000DCA92A /* Info.plist */,
				95DB656427F9F3790048EF30 /* FeedLoaderWithFallbackComposite.swift */,
				95DB656827FA0C2F0048EF30 /* FeedImageDataLoaderWithFallbackComposite.swift */,
				9593F90727FC161500549054 /* FeedLoaderCacheDecorator.swift */,
				9593F91127FC2D9800549054 /* FeedImageDataLoaderCacheDecorator.swift */,
				9572F59B27FEAC0C00239F9F /* DebuggingSceneDelegate.swift */,
			);
			path = EssentialApp;
			sourceTree = "<group>";
		};
		958068E527F81FB000DCA92A /* EssentialAppTests */ = {
			isa = PBXGroup;
			children = (
				95DB656A27FA0CA60048EF30 /* Helpers */,
				95DB656227F974DC0048EF30 /* FeedLoaderWithFallbackCompositeTests.swift */,
				95DB656627F9F51F0048EF30 /* FeedImageDataLoaderWithFallbackCompositeTests.swift */,
				9593F8FD27FC0A9700549054 /* FeedLoaderCacheDecoratorTests.swift */,
				9593F90927FC173A00549054 /* FeedImageDataLoaderCacheDecoratorTests.swift */,
				9572F59D27FEB75100239F9F /* SceneDelegateTests.swift */,
			);
			path = EssentialAppTests;
			sourceTree = "<group>";
		};
		95DB655827F96E4E0048EF30 /* Frameworks */ = {
			isa = PBXGroup;
			children = (
				95DB655927F96E4E0048EF30 /* EssentialFeed.framework */,
				95DB655A27F96E4E0048EF30 /* EssentialFeediOS.framework */,
			);
			name = Frameworks;
			sourceTree = "<group>";
		};
		95DB656A27FA0CA60048EF30 /* Helpers */ = {
			isa = PBXGroup;
			children = (
				9593F90B27FC208800549054 /* FeedImageDataLoaderSpy.swift */,
				9593F8FF27FC0D4100549054 /* FeedLoaderStub.swift */,
				95DB656D27FA0D4E0048EF30 /* SharedTestHelpers.swift */,
				9593F90327FC0E0200549054 /* XCTestCase+FeedLoader.swift */,
				95DB656B27FA0CC10048EF30 /* XCTestCase+MemoryLeakTracking.swift */,
				9593F90D27FC21F700549054 /* XCTestCase+FeedImageDataLoader.swift */,
			);
			path = Helpers;
			sourceTree = "<group>";
		};
/* End PBXGroup section */

/* Begin PBXNativeTarget section */
		9572F58F27FE991200239F9F /* EssentialAppUIAcceptanceTests */ = {
			isa = PBXNativeTarget;
			buildConfigurationList = 9572F59A27FE991200239F9F /* Build configuration list for PBXNativeTarget "EssentialAppUIAcceptanceTests" */;
			buildPhases = (
				9572F58C27FE991200239F9F /* Sources */,
				9572F58D27FE991200239F9F /* Frameworks */,
				9572F58E27FE991200239F9F /* Resources */,
			);
			buildRules = (
			);
			dependencies = (
				9572F59727FE991200239F9F /* PBXTargetDependency */,
			);
			name = EssentialAppUIAcceptanceTests;
			productName = EssentialAppUIAcceptanceTests;
			productReference = 9572F59027FE991200239F9F /* EssentialAppUIAcceptanceTests.xctest */;
			productType = "com.apple.product-type.bundle.ui-testing";
		};
		958068CB27F81FAF00DCA92A /* EssentialApp */ = {
			isa = PBXNativeTarget;
			buildConfigurationList = 958068F627F81FB000DCA92A /* Build configuration list for PBXNativeTarget "EssentialApp" */;
			buildPhases = (
				958068C827F81FAF00DCA92A /* Sources */,
				958068C927F81FAF00DCA92A /* Frameworks */,
				958068CA27F81FAF00DCA92A /* Resources */,
				95DB655F27F96E4E0048EF30 /* Embed Frameworks */,
			);
			buildRules = (
			);
			dependencies = (
			);
			name = EssentialApp;
			productName = EssentialApp;
			productReference = 958068CC27F81FAF00DCA92A /* EssentialApp.app */;
			productType = "com.apple.product-type.application";
		};
		958068E127F81FB000DCA92A /* EssentialAppTests */ = {
			isa = PBXNativeTarget;
			buildConfigurationList = 958068F927F81FB000DCA92A /* Build configuration list for PBXNativeTarget "EssentialAppTests" */;
			buildPhases = (
				958068DE27F81FB000DCA92A /* Sources */,
				958068DF27F81FB000DCA92A /* Frameworks */,
				958068E027F81FB000DCA92A /* Resources */,
			);
			buildRules = (
			);
			dependencies = (
				958068E427F81FB000DCA92A /* PBXTargetDependency */,
			);
			name = EssentialAppTests;
			productName = EssentialAppTests;
			productReference = 958068E227F81FB000DCA92A /* EssentialAppTests.xctest */;
			productType = "com.apple.product-type.bundle.unit-test";
		};
/* End PBXNativeTarget section */

/* Begin PBXProject section */
		958068C427F81FAF00DCA92A /* Project object */ = {
			isa = PBXProject;
			attributes = {
				BuildIndependentTargetsInParallel = 1;
				LastSwiftUpdateCheck = 1330;
				LastUpgradeCheck = 1330;
				TargetAttributes = {
					9572F58F27FE991200239F9F = {
						CreatedOnToolsVersion = 13.3;
						TestTargetID = 958068CB27F81FAF00DCA92A;
					};
					958068CB27F81FAF00DCA92A = {
						CreatedOnToolsVersion = 13.3;
					};
					958068E127F81FB000DCA92A = {
						CreatedOnToolsVersion = 13.3;
						LastSwiftMigration = 1330;
						TestTargetID = 958068CB27F81FAF00DCA92A;
					};
				};
			};
			buildConfigurationList = 958068C727F81FAF00DCA92A /* Build configuration list for PBXProject "EssentialApp" */;
			compatibilityVersion = "Xcode 13.0";
			developmentRegion = en;
			hasScannedForEncodings = 0;
			knownRegions = (
				en,
				Base,
			);
			mainGroup = 958068C327F81FAF00DCA92A;
			productRefGroup = 958068CD27F81FAF00DCA92A /* Products */;
			projectDirPath = "";
			projectRoot = "";
			targets = (
				958068CB27F81FAF00DCA92A /* EssentialApp */,
				958068E127F81FB000DCA92A /* EssentialAppTests */,
				9572F58F27FE991200239F9F /* EssentialAppUIAcceptanceTests */,
			);
		};
/* End PBXProject section */

/* Begin PBXResourcesBuildPhase section */
		9572F58E27FE991200239F9F /* Resources */ = {
			isa = PBXResourcesBuildPhase;
			buildActionMask = 2147483647;
			files = (
			);
			runOnlyForDeploymentPostprocessing = 0;
		};
		958068CA27F81FAF00DCA92A /* Resources */ = {
			isa = PBXResourcesBuildPhase;
			buildActionMask = 2147483647;
			files = (
				958068DC27F81FB000DCA92A /* LaunchScreen.storyboard in Resources */,
				958068D927F81FB000DCA92A /* Assets.xcassets in Resources */,
				958068D727F81FAF00DCA92A /* Main.storyboard in Resources */,
			);
			runOnlyForDeploymentPostprocessing = 0;
		};
		958068E027F81FB000DCA92A /* Resources */ = {
			isa = PBXResourcesBuildPhase;
			buildActionMask = 2147483647;
			files = (
			);
			runOnlyForDeploymentPostprocessing = 0;
		};
/* End PBXResourcesBuildPhase section */

/* Begin PBXSourcesBuildPhase section */
		9572F58C27FE991200239F9F /* Sources */ = {
			isa = PBXSourcesBuildPhase;
			buildActionMask = 2147483647;
			files = (
				9572F59327FE991200239F9F /* EssentialAppUIAcceptanceTests.swift in Sources */,
			);
			runOnlyForDeploymentPostprocessing = 0;
		};
		958068C827F81FAF00DCA92A /* Sources */ = {
			isa = PBXSourcesBuildPhase;
			buildActionMask = 2147483647;
			files = (
				95DB656927FA0C2F0048EF30 /* FeedImageDataLoaderWithFallbackComposite.swift in Sources */,
				958068D027F81FAF00DCA92A /* AppDelegate.swift in Sources */,
				95DB656527F9F3790048EF30 /* FeedLoaderWithFallbackComposite.swift in Sources */,
				9593F91227FC2D9800549054 /* FeedImageDataLoaderCacheDecorator.swift in Sources */,
				9593F90827FC161500549054 /* FeedLoaderCacheDecorator.swift in Sources */,
				9572F59C27FEAC0C00239F9F /* DebuggingSceneDelegate.swift in Sources */,
				958068D227F81FAF00DCA92A /* SceneDelegate.swift in Sources */,
			);
			runOnlyForDeploymentPostprocessing = 0;
		};
		958068DE27F81FB000DCA92A /* Sources */ = {
			isa = PBXSourcesBuildPhase;
			buildActionMask = 2147483647;
			files = (
				95DB656E27FA0D4E0048EF30 /* SharedTestHelpers.swift in Sources */,
				9593F90A27FC173A00549054 /* FeedImageDataLoaderCacheDecoratorTests.swift in Sources */,
				95DB656727F9F51F0048EF30 /* FeedImageDataLoaderWithFallbackCompositeTests.swift in Sources */,
				9593F90427FC0E0200549054 /* XCTestCase+FeedLoader.swift in Sources */,
				9572F59E27FEB75100239F9F /* SceneDelegateTests.swift in Sources */,
				95DB656327F974DC0048EF30 /* FeedLoaderWithFallbackCompositeTests.swift in Sources */,
				9593F8FE27FC0A9700549054 /* FeedLoaderCacheDecoratorTests.swift in Sources */,
				9593F90C27FC208800549054 /* FeedImageDataLoaderSpy.swift in Sources */,
				9593F90027FC0D4100549054 /* FeedLoaderStub.swift in Sources */,
				95DB656C27FA0CC10048EF30 /* XCTestCase+MemoryLeakTracking.swift in Sources */,
				9593F90E27FC21F700549054 /* XCTestCase+FeedImageDataLoader.swift in Sources */,
			);
			runOnlyForDeploymentPostprocessing = 0;
		};
/* End PBXSourcesBuildPhase section */

/* Begin PBXTargetDependency section */
		9572F59727FE991200239F9F /* PBXTargetDependency */ = {
			isa = PBXTargetDependency;
			target = 958068CB27F81FAF00DCA92A /* EssentialApp */;
			targetProxy = 9572F59627FE991200239F9F /* PBXContainerItemProxy */;
		};
		958068E427F81FB000DCA92A /* PBXTargetDependency */ = {
			isa = PBXTargetDependency;
			target = 958068CB27F81FAF00DCA92A /* EssentialApp */;
			targetProxy = 958068E327F81FB000DCA92A /* PBXContainerItemProxy */;
		};
/* End PBXTargetDependency section */

/* Begin PBXVariantGroup section */
		958068D527F81FAF00DCA92A /* Main.storyboard */ = {
			isa = PBXVariantGroup;
			children = (
				958068D627F81FAF00DCA92A /* Base */,
			);
			name = Main.storyboard;
			sourceTree = "<group>";
		};
		958068DA27F81FB000DCA92A /* LaunchScreen.storyboard */ = {
			isa = PBXVariantGroup;
			children = (
				958068DB27F81FB000DCA92A /* Base */,
			);
			name = LaunchScreen.storyboard;
			sourceTree = "<group>";
		};
/* End PBXVariantGroup section */

/* Begin XCBuildConfiguration section */
		9572F59827FE991200239F9F /* Debug */ = {
			isa = XCBuildConfiguration;
			buildSettings = {
				CODE_SIGN_STYLE = Automatic;
				CURRENT_PROJECT_VERSION = 1;
				DEVELOPMENT_TEAM = 55J7AT8Y4W;
				GENERATE_INFOPLIST_FILE = YES;
				IPHONEOS_DEPLOYMENT_TARGET = 15.4;
				MARKETING_VERSION = 1.0;
				PRODUCT_BUNDLE_IDENTIFIER = com.uk.hayward.essentialdeveloper.EssentialAppUIAcceptanceTests;
				PRODUCT_NAME = "$(TARGET_NAME)";
				SWIFT_EMIT_LOC_STRINGS = NO;
				SWIFT_VERSION = 5.0;
				TARGETED_DEVICE_FAMILY = "1,2";
				TEST_TARGET_NAME = EssentialApp;
			};
			name = Debug;
		};
		9572F59927FE991200239F9F /* Release */ = {
			isa = XCBuildConfiguration;
			buildSettings = {
				CODE_SIGN_STYLE = Automatic;
				CURRENT_PROJECT_VERSION = 1;
				DEVELOPMENT_TEAM = 55J7AT8Y4W;
				GENERATE_INFOPLIST_FILE = YES;
				IPHONEOS_DEPLOYMENT_TARGET = 15.4;
				MARKETING_VERSION = 1.0;
				PRODUCT_BUNDLE_IDENTIFIER = com.uk.hayward.essentialdeveloper.EssentialAppUIAcceptanceTests;
				PRODUCT_NAME = "$(TARGET_NAME)";
				SWIFT_EMIT_LOC_STRINGS = NO;
				SWIFT_VERSION = 5.0;
				TARGETED_DEVICE_FAMILY = "1,2";
				TEST_TARGET_NAME = EssentialApp;
			};
			name = Release;
		};
		958068F427F81FB000DCA92A /* Debug */ = {
			isa = XCBuildConfiguration;
			buildSettings = {
				ALWAYS_SEARCH_USER_PATHS = NO;
				CLANG_ANALYZER_NONNULL = YES;
				CLANG_ANALYZER_NUMBER_OBJECT_CONVERSION = YES_AGGRESSIVE;
				CLANG_CXX_LANGUAGE_STANDARD = "gnu++17";
				CLANG_ENABLE_MODULES = YES;
				CLANG_ENABLE_OBJC_ARC = YES;
				CLANG_ENABLE_OBJC_WEAK = YES;
				CLANG_WARN_BLOCK_CAPTURE_AUTORELEASING = YES;
				CLANG_WARN_BOOL_CONVERSION = YES;
				CLANG_WARN_COMMA = YES;
				CLANG_WARN_CONSTANT_CONVERSION = YES;
				CLANG_WARN_DEPRECATED_OBJC_IMPLEMENTATIONS = YES;
				CLANG_WARN_DIRECT_OBJC_ISA_USAGE = YES_ERROR;
				CLANG_WARN_DOCUMENTATION_COMMENTS = YES;
				CLANG_WARN_EMPTY_BODY = YES;
				CLANG_WARN_ENUM_CONVERSION = YES;
				CLANG_WARN_INFINITE_RECURSION = YES;
				CLANG_WARN_INT_CONVERSION = YES;
				CLANG_WARN_NON_LITERAL_NULL_CONVERSION = YES;
				CLANG_WARN_OBJC_IMPLICIT_RETAIN_SELF = YES;
				CLANG_WARN_OBJC_LITERAL_CONVERSION = YES;
				CLANG_WARN_OBJC_ROOT_CLASS = YES_ERROR;
				CLANG_WARN_QUOTED_INCLUDE_IN_FRAMEWORK_HEADER = YES;
				CLANG_WARN_RANGE_LOOP_ANALYSIS = YES;
				CLANG_WARN_STRICT_PROTOTYPES = YES;
				CLANG_WARN_SUSPICIOUS_MOVE = YES;
				CLANG_WARN_UNGUARDED_AVAILABILITY = YES_AGGRESSIVE;
				CLANG_WARN_UNREACHABLE_CODE = YES;
				CLANG_WARN__DUPLICATE_METHOD_MATCH = YES;
				COPY_PHASE_STRIP = NO;
				DEBUG_INFORMATION_FORMAT = dwarf;
				ENABLE_STRICT_OBJC_MSGSEND = YES;
				ENABLE_TESTABILITY = YES;
				GCC_C_LANGUAGE_STANDARD = gnu11;
				GCC_DYNAMIC_NO_PIC = NO;
				GCC_NO_COMMON_BLOCKS = YES;
				GCC_OPTIMIZATION_LEVEL = 0;
				GCC_PREPROCESSOR_DEFINITIONS = (
					"DEBUG=1",
					"$(inherited)",
				);
				GCC_WARN_64_TO_32_BIT_CONVERSION = YES;
				GCC_WARN_ABOUT_RETURN_TYPE = YES_ERROR;
				GCC_WARN_UNDECLARED_SELECTOR = YES;
				GCC_WARN_UNINITIALIZED_AUTOS = YES_AGGRESSIVE;
				GCC_WARN_UNUSED_FUNCTION = YES;
				GCC_WARN_UNUSED_VARIABLE = YES;
				IPHONEOS_DEPLOYMENT_TARGET = 13.0;
				MTL_ENABLE_DEBUG_INFO = INCLUDE_SOURCE;
				MTL_FAST_MATH = YES;
				ONLY_ACTIVE_ARCH = YES;
				SDKROOT = iphoneos;
				SWIFT_ACTIVE_COMPILATION_CONDITIONS = DEBUG;
				SWIFT_OPTIMIZATION_LEVEL = "-Onone";
			};
			name = Debug;
		};
		958068F527F81FB000DCA92A /* Release */ = {
			isa = XCBuildConfiguration;
			buildSettings = {
				ALWAYS_SEARCH_USER_PATHS = NO;
				CLANG_ANALYZER_NONNULL = YES;
				CLANG_ANALYZER_NUMBER_OBJECT_CONVERSION = YES_AGGRESSIVE;
				CLANG_CXX_LANGUAGE_STANDARD = "gnu++17";
				CLANG_ENABLE_MODULES = YES;
				CLANG_ENABLE_OBJC_ARC = YES;
				CLANG_ENABLE_OBJC_WEAK = YES;
				CLANG_WARN_BLOCK_CAPTURE_AUTORELEASING = YES;
				CLANG_WARN_BOOL_CONVERSION = YES;
				CLANG_WARN_COMMA = YES;
				CLANG_WARN_CONSTANT_CONVERSION = YES;
				CLANG_WARN_DEPRECATED_OBJC_IMPLEMENTATIONS = YES;
				CLANG_WARN_DIRECT_OBJC_ISA_USAGE = YES_ERROR;
				CLANG_WARN_DOCUMENTATION_COMMENTS = YES;
				CLANG_WARN_EMPTY_BODY = YES;
				CLANG_WARN_ENUM_CONVERSION = YES;
				CLANG_WARN_INFINITE_RECURSION = YES;
				CLANG_WARN_INT_CONVERSION = YES;
				CLANG_WARN_NON_LITERAL_NULL_CONVERSION = YES;
				CLANG_WARN_OBJC_IMPLICIT_RETAIN_SELF = YES;
				CLANG_WARN_OBJC_LITERAL_CONVERSION = YES;
				CLANG_WARN_OBJC_ROOT_CLASS = YES_ERROR;
				CLANG_WARN_QUOTED_INCLUDE_IN_FRAMEWORK_HEADER = YES;
				CLANG_WARN_RANGE_LOOP_ANALYSIS = YES;
				CLANG_WARN_STRICT_PROTOTYPES = YES;
				CLANG_WARN_SUSPICIOUS_MOVE = YES;
				CLANG_WARN_UNGUARDED_AVAILABILITY = YES_AGGRESSIVE;
				CLANG_WARN_UNREACHABLE_CODE = YES;
				CLANG_WARN__DUPLICATE_METHOD_MATCH = YES;
				COPY_PHASE_STRIP = NO;
				DEBUG_INFORMATION_FORMAT = "dwarf-with-dsym";
				ENABLE_NS_ASSERTIONS = NO;
				ENABLE_STRICT_OBJC_MSGSEND = YES;
				GCC_C_LANGUAGE_STANDARD = gnu11;
				GCC_NO_COMMON_BLOCKS = YES;
				GCC_WARN_64_TO_32_BIT_CONVERSION = YES;
				GCC_WARN_ABOUT_RETURN_TYPE = YES_ERROR;
				GCC_WARN_UNDECLARED_SELECTOR = YES;
				GCC_WARN_UNINITIALIZED_AUTOS = YES_AGGRESSIVE;
				GCC_WARN_UNUSED_FUNCTION = YES;
				GCC_WARN_UNUSED_VARIABLE = YES;
				IPHONEOS_DEPLOYMENT_TARGET = 13.0;
				MTL_ENABLE_DEBUG_INFO = NO;
				MTL_FAST_MATH = YES;
				SDKROOT = iphoneos;
				SWIFT_COMPILATION_MODE = wholemodule;
				SWIFT_OPTIMIZATION_LEVEL = "-O";
				VALIDATE_PRODUCT = YES;
			};
			name = Release;
		};
		958068F727F81FB000DCA92A /* Debug */ = {
			isa = XCBuildConfiguration;
			buildSettings = {
				ASSETCATALOG_COMPILER_APPICON_NAME = AppIcon;
				ASSETCATALOG_COMPILER_GLOBAL_ACCENT_COLOR_NAME = AccentColor;
				CODE_SIGN_STYLE = Automatic;
				CURRENT_PROJECT_VERSION = 1;
				DEVELOPMENT_TEAM = 55J7AT8Y4W;
				GENERATE_INFOPLIST_FILE = YES;
				INFOPLIST_FILE = EssentialApp/Info.plist;
				INFOPLIST_KEY_UIApplicationSupportsIndirectInputEvents = YES;
				INFOPLIST_KEY_UILaunchStoryboardName = LaunchScreen;
				INFOPLIST_KEY_UIMainStoryboardFile = Main;
				INFOPLIST_KEY_UISupportedInterfaceOrientations = UIInterfaceOrientationPortrait;
				INFOPLIST_KEY_UISupportedInterfaceOrientations_iPad = "UIInterfaceOrientationPortrait UIInterfaceOrientationPortraitUpsideDown UIInterfaceOrientationLandscapeLeft UIInterfaceOrientationLandscapeRight";
				INFOPLIST_KEY_UISupportedInterfaceOrientations_iPhone = "UIInterfaceOrientationPortrait UIInterfaceOrientationLandscapeLeft UIInterfaceOrientationLandscapeRight";
				LD_RUNPATH_SEARCH_PATHS = (
					"$(inherited)",
					"@executable_path/Frameworks",
				);
				MARKETING_VERSION = 1.0;
				PRODUCT_BUNDLE_IDENTIFIER = com.uk.hayward.essentialdeveloper.EssentialApp;
				PRODUCT_NAME = "$(TARGET_NAME)";
				SWIFT_EMIT_LOC_STRINGS = YES;
				SWIFT_VERSION = 5.0;
				TARGETED_DEVICE_FAMILY = "1,2";
			};
			name = Debug;
		};
		958068F827F81FB000DCA92A /* Release */ = {
			isa = XCBuildConfiguration;
			buildSettings = {
				ASSETCATALOG_COMPILER_APPICON_NAME = AppIcon;
				ASSETCATALOG_COMPILER_GLOBAL_ACCENT_COLOR_NAME = AccentColor;
				CODE_SIGN_STYLE = Automatic;
				CURRENT_PROJECT_VERSION = 1;
				DEVELOPMENT_TEAM = 55J7AT8Y4W;
				GENERATE_INFOPLIST_FILE = YES;
				INFOPLIST_FILE = EssentialApp/Info.plist;
				INFOPLIST_KEY_UIApplicationSupportsIndirectInputEvents = YES;
				INFOPLIST_KEY_UILaunchStoryboardName = LaunchScreen;
				INFOPLIST_KEY_UIMainStoryboardFile = Main;
				INFOPLIST_KEY_UISupportedInterfaceOrientations = UIInterfaceOrientationPortrait;
				INFOPLIST_KEY_UISupportedInterfaceOrientations_iPad = "UIInterfaceOrientationPortrait UIInterfaceOrientationPortraitUpsideDown UIInterfaceOrientationLandscapeLeft UIInterfaceOrientationLandscapeRight";
				INFOPLIST_KEY_UISupportedInterfaceOrientations_iPhone = "UIInterfaceOrientationPortrait UIInterfaceOrientationLandscapeLeft UIInterfaceOrientationLandscapeRight";
				LD_RUNPATH_SEARCH_PATHS = (
					"$(inherited)",
					"@executable_path/Frameworks",
				);
				MARKETING_VERSION = 1.0;
				PRODUCT_BUNDLE_IDENTIFIER = com.uk.hayward.essentialdeveloper.EssentialApp;
				PRODUCT_NAME = "$(TARGET_NAME)";
				SWIFT_EMIT_LOC_STRINGS = YES;
				SWIFT_VERSION = 5.0;
				TARGETED_DEVICE_FAMILY = "1,2";
			};
			name = Release;
		};
		958068FA27F81FB000DCA92A /* Debug */ = {
			isa = XCBuildConfiguration;
			buildSettings = {
				ALWAYS_EMBED_SWIFT_STANDARD_LIBRARIES = YES;
				BUNDLE_LOADER = "$(TEST_HOST)";
				CLANG_ENABLE_MODULES = YES;
				CODE_SIGN_STYLE = Automatic;
				CURRENT_PROJECT_VERSION = 1;
				DEVELOPMENT_TEAM = 55J7AT8Y4W;
				GENERATE_INFOPLIST_FILE = YES;
				IPHONEOS_DEPLOYMENT_TARGET = 13.0;
				LD_RUNPATH_SEARCH_PATHS = (
					"$(inherited)",
					"@executable_path/Frameworks",
					"@loader_path/Frameworks",
				);
				MARKETING_VERSION = 1.0;
				PRODUCT_BUNDLE_IDENTIFIER = com.uk.hayward.essentialdeveloper.EssentialAppTests;
				PRODUCT_NAME = "$(TARGET_NAME)";
				SWIFT_EMIT_LOC_STRINGS = NO;
				SWIFT_OPTIMIZATION_LEVEL = "-Onone";
				SWIFT_VERSION = 5.0;
				TARGETED_DEVICE_FAMILY = "1,2";
				TEST_HOST = "$(BUILT_PRODUCTS_DIR)/EssentialApp.app/EssentialApp";
			};
			name = Debug;
		};
		958068FB27F81FB000DCA92A /* Release */ = {
			isa = XCBuildConfiguration;
			buildSettings = {
				ALWAYS_EMBED_SWIFT_STANDARD_LIBRARIES = YES;
				BUNDLE_LOADER = "$(TEST_HOST)";
				CLANG_ENABLE_MODULES = YES;
				CODE_SIGN_STYLE = Automatic;
				CURRENT_PROJECT_VERSION = 1;
				DEVELOPMENT_TEAM = 55J7AT8Y4W;
				GENERATE_INFOPLIST_FILE = YES;
				IPHONEOS_DEPLOYMENT_TARGET = 13.0;
				LD_RUNPATH_SEARCH_PATHS = (
					"$(inherited)",
					"@executable_path/Frameworks",
					"@loader_path/Frameworks",
				);
				MARKETING_VERSION = 1.0;
				PRODUCT_BUNDLE_IDENTIFIER = com.uk.hayward.essentialdeveloper.EssentialAppTests;
				PRODUCT_NAME = "$(TARGET_NAME)";
				SWIFT_EMIT_LOC_STRINGS = NO;
				SWIFT_VERSION = 5.0;
				TARGETED_DEVICE_FAMILY = "1,2";
				TEST_HOST = "$(BUILT_PRODUCTS_DIR)/EssentialApp.app/EssentialApp";
			};
			name = Release;
		};
/* End XCBuildConfiguration section */

/* Begin XCConfigurationList section */
		9572F59A27FE991200239F9F /* Build configuration list for PBXNativeTarget "EssentialAppUIAcceptanceTests" */ = {
			isa = XCConfigurationList;
			buildConfigurations = (
				9572F59827FE991200239F9F /* Debug */,
				9572F59927FE991200239F9F /* Release */,
			);
			defaultConfigurationIsVisible = 0;
			defaultConfigurationName = Release;
		};
		958068C727F81FAF00DCA92A /* Build configuration list for PBXProject "EssentialApp" */ = {
			isa = XCConfigurationList;
			buildConfigurations = (
				958068F427F81FB000DCA92A /* Debug */,
				958068F527F81FB000DCA92A /* Release */,
			);
			defaultConfigurationIsVisible = 0;
			defaultConfigurationName = Release;
		};
		958068F627F81FB000DCA92A /* Build configuration list for PBXNativeTarget "EssentialApp" */ = {
			isa = XCConfigurationList;
			buildConfigurations = (
				958068F727F81FB000DCA92A /* Debug */,
				958068F827F81FB000DCA92A /* Release */,
			);
			defaultConfigurationIsVisible = 0;
			defaultConfigurationName = Release;
		};
		958068F927F81FB000DCA92A /* Build configuration list for PBXNativeTarget "EssentialAppTests" */ = {
			isa = XCConfigurationList;
			buildConfigurations = (
				958068FA27F81FB000DCA92A /* Debug */,
				958068FB27F81FB000DCA92A /* Release */,
			);
			defaultConfigurationIsVisible = 0;
			defaultConfigurationName = Release;
		};
/* End XCConfigurationList section */
	};
	rootObject = 958068C427F81FAF00DCA92A /* Project object */;
}
